<<<<<<< HEAD
=======
<<<<<<< HEAD
607825< HEAD
=======
<<<<<<< HEAD
=======
594081< HEAD
>>>>>>> 2333dde861a8f79a568efe1d6db76b53955ca7b1
582465
=======
>>>>>>> f5a4ccedec799cb5606b0553b76d88c3a73b63cf
>>>>>>> fb838dfc4eebef13b263a3e46e9e82f3c052f02a
>>>>>>> c046ce1d01032a7138be12e5dbdaba76d49022ff
